
Microsoft Visual Studio Solution File, Format Version 12.00
# Visual Studio Express 2013 for Windows
VisualStudioVersion = 12.0.31101.0
MinimumVisualStudioVersion = 10.0.40219.1
Project("{FAE04EC0-301F-11D3-BF4B-00C04F79EFBC}") = "LumiaSDKApp", "LumiaSDKApp.csproj", "{136CDCE2-F2B0-4EF5-834C-EEBC557BF70C}"
EndProject
Global
	GlobalSection(SolutionConfigurationPlatforms) = preSolution
		Debug|ARM = Debug|ARM
		Debug|x86 = Debug|x86
		Release|ARM = Release|ARM
		Release|x86 = Release|x86
	EndGlobalSection
	GlobalSection(ProjectConfigurationPlatforms) = postSolution
		{136CDCE2-F2B0-4EF5-834C-EEBC557BF70C}.Debug|ARM.ActiveCfg = Debug|ARM
		{136CDCE2-F2B0-4EF5-834C-EEBC557BF70C}.Debug|ARM.Build.0 = Debug|ARM
		{136CDCE2-F2B0-4EF5-834C-EEBC557BF70C}.Debug|ARM.Deploy.0 = Debug|ARM
		{136CDCE2-F2B0-4EF5-834C-EEBC557BF70C}.Debug|x86.ActiveCfg = Debug|x86
		{136CDCE2-F2B0-4EF5-834C-EEBC557BF70C}.Debug|x86.Build.0 = Debug|x86
		{136CDCE2-F2B0-4EF5-834C-EEBC557BF70C}.Debug|x86.Deploy.0 = Debug|x86
		{136CDCE2-F2B0-4EF5-834C-EEBC557BF70C}.Release|ARM.ActiveCfg = Release|ARM
		{136CDCE2-F2B0-4EF5-834C-EEBC557BF70C}.Release|ARM.Build.0 = Release|ARM
		{136CDCE2-F2B0-4EF5-834C-EEBC557BF70C}.Release|ARM.Deploy.0 = Release|ARM
		{136CDCE2-F2B0-4EF5-834C-EEBC557BF70C}.Release|x86.ActiveCfg = Release|x86
		{136CDCE2-F2B0-4EF5-834C-EEBC557BF70C}.Release|x86.Build.0 = Release|x86
		{136CDCE2-F2B0-4EF5-834C-EEBC557BF70C}.Release|x86.Deploy.0 = Release|x86
	EndGlobalSection
	GlobalSection(SolutionProperties) = preSolution
		HideSolutionNode = FALSE
	EndGlobalSection
EndGlobal
